{"format_version":"1.2","terraform_version":"1.14.4","variables":{"environment":{"value":"dev"},"location":{"value":"eastus"},"project_name":{"value":"interview-demo"}},"planned_values":{"outputs":{"container_urls":{"sensitive":false,"type":["object",{"backups":"string","documents":"string","images":"string","logs":"string","uploads":"string"}],"value":{"backups":"https://stinterviewdemodev.blob.core.windows.net/backups","documents":"https://stinterviewdemodev.blob.core.windows.net/documents","images":"https://stinterviewdemodev.blob.core.windows.net/images","logs":"https://stinterviewdemodev.blob.core.windows.net/logs","uploads":"https://stinterviewdemodev.blob.core.windows.net/uploads"}},"deployment_summary":{"sensitive":false,"type":["object",{"containers":"number","location":"string","resource_group":"string","storage":"string","subnets":"number","vnet":"string"}],"value":{"containers":5,"location":"eastus","resource_group":"rg-interview-demo-dev","storage":"stinterviewdemodev","subnets":3,"vnet":"vnet-interview-demo"}},"nsg_id":{"sensitive":false},"primary_blob_endpoint":{"sensitive":false},"resource_group_name":{"sensitive":false,"type":"string","value":"rg-interview-demo-dev"},"storage_account_id":{"sensitive":false},"storage_account_name":{"sensitive":false,"type":"string","value":"stinterviewdemodev"},"storage_containers":{"sensitive":false,"type":["tuple",["string","string","string","string","string"]],"value":["backups","documents","images","logs","uploads"]},"subnet_ids":{"sensitive":false},"vnet_id":{"sensitive":false},"vnet_name":{"sensitive":false,"type":"string","value":"vnet-interview-demo"}},"root_module":{"resources":[{"address":"azurerm_storage_account.demo","mode":"managed","type":"azurerm_storage_account","name":"demo","provider_name":"registry.terraform.io/hashicorp/azurerm","schema_version":4,"values":{"account_kind":"StorageV2","account_replication_type":"LRS","account_tier":"Standard","allow_nested_items_to_be_public":false,"allowed_copy_scope":null,"azure_files_authentication":[],"blob_properties":[{"change_feed_enabled":false,"change_feed_retention_in_days":null,"container_delete_retention_policy":[],"cors_rule":[],"delete_retention_policy":[],"last_access_time_enabled":false,"restore_policy":[],"versioning_enabled":false}],"cross_tenant_replication_enabled":true,"custom_domain":[],"customer_managed_key":[],"default_to_oauth_authentication":false,"edge_zone":null,"enable_https_traffic_only":true,"identity":[],"immutability_policy":[],"infrastructure_encryption_enabled":false,"is_hns_enabled":false,"location":"eastus","min_tls_version":"TLS1_2","name":"stinterviewdemodev","nfsv3_enabled":false,"public_network_access_enabled":true,"queue_encryption_key_type":"Service","resource_group_name":"rg-interview-demo-dev","sas_policy":[],"sftp_enabled":false,"shared_access_key_enabled":true,"static_website":[],"table_encryption_key_type":"Service","tags":{"CostCenter":"Engineering","CreatedBy":"Srikanth","Environment":"dev","Owner":"DevOps Team","Project":"interview-demo"},"timeouts":null},"sensitive_values":{"azure_files_authentication":[],"blob_properties":[{"container_delete_retention_policy":[],"cors_rule":[],"delete_retention_policy":[],"restore_policy":[]}],"custom_domain":[],"customer_managed_key":[],"identity":[],"immutability_policy":[],"network_rules":[],"primary_access_key":true,"primary_blob_connection_string":true,"primary_connection_string":true,"queue_properties":[],"routing":[],"sas_policy":[],"secondary_access_key":true,"secondary_blob_connection_string":true,"secondary_connection_string":true,"share_properties":[],"static_website":[],"tags":{}}},{"address":"azurerm_storage_container.containers[\"backups\"]","mode":"managed","type":"azurerm_storage_container","name":"containers","index":"backups","provider_name":"registry.terraform.io/hashicorp/azurerm","schema_version":1,"values":{"container_access_type":"private","name":"backups","storage_account_name":"stinterviewdemodev","timeouts":null},"sensitive_values":{"metadata":{}}},{"address":"azurerm_storage_container.containers[\"documents\"]","mode":"managed","type":"azurerm_storage_container","name":"containers","index":"documents","provider_name":"registry.terraform.io/hashicorp/azurerm","schema_version":1,"values":{"container_access_type":"private","name":"documents","storage_account_name":"stinterviewdemodev","timeouts":null},"sensitive_values":{"metadata":{}}},{"address":"azurerm_storage_container.containers[\"images\"]","mode":"managed","type":"azurerm_storage_container","name":"containers","index":"images","provider_name":"registry.terraform.io/hashicorp/azurerm","schema_version":1,"values":{"container_access_type":"private","name":"images","storage_account_name":"stinterviewdemodev","timeouts":null},"sensitive_values":{"metadata":{}}},{"address":"azurerm_storage_container.containers[\"logs\"]","mode":"managed","type":"azurerm_storage_container","name":"containers","index":"logs","provider_name":"registry.terraform.io/hashicorp/azurerm","schema_version":1,"values":{"container_access_type":"private","name":"logs","storage_account_name":"stinterviewdemodev","timeouts":null},"sensitive_values":{"metadata":{}}},{"address":"azurerm_storage_container.containers[\"uploads\"]","mode":"managed","type":"azurerm_storage_container","name":"containers","index":"uploads","provider_name":"registry.terraform.io/hashicorp/azurerm","schema_version":1,"values":{"container_access_type":"private","name":"uploads","storage_account_name":"stinterviewdemodev","timeouts":null},"sensitive_values":{"metadata":{}}},{"address":"azurerm_storage_management_policy.lifecycle","mode":"managed","type":"azurerm_storage_management_policy","name":"lifecycle","provider_name":"registry.terraform.io/hashicorp/azurerm","schema_version":0,"values":{"rule":[{"actions":[{"base_blob":[{"auto_tier_to_hot_from_cool_enabled":null,"delete_after_days_since_creation_greater_than":-1,"delete_after_days_since_last_access_time_greater_than":-1,"delete_after_days_since_modification_greater_than":365,"tier_to_archive_after_days_since_creation_greater_than":-1,"tier_to_archive_after_days_since_last_access_time_greater_than":-1,"tier_to_archive_after_days_since_last_tier_change_greater_than":-1,"tier_to_archive_after_days_since_modification_greater_than":90,"tier_to_cold_after_days_since_creation_greater_than":-1,"tier_to_cold_after_days_since_last_access_time_greater_than":-1,"tier_to_cold_after_days_since_modification_greater_than":-1,"tier_to_cool_after_days_since_creation_greater_than":-1,"tier_to_cool_after_days_since_last_access_time_greater_than":-1,"tier_to_cool_after_days_since_modification_greater_than":30}],"snapshot":[],"version":[]}],"enabled":true,"filters":[{"blob_types":["blockBlob"],"match_blob_index_tag":[],"prefix_match":["uploads/"]}],"name":"delete-old-uploads"},{"actions":[{"base_blob":[{"auto_tier_to_hot_from_cool_enabled":null,"delete_after_days_since_creation_greater_than":-1,"delete_after_days_since_last_access_time_greater_than":-1,"delete_after_days_since_modification_greater_than":90,"tier_to_archive_after_days_since_creation_greater_than":-1,"tier_to_archive_after_days_since_last_access_time_greater_than":-1,"tier_to_archive_after_days_since_last_tier_change_greater_than":-1,"tier_to_archive_after_days_since_modification_greater_than":-1,"tier_to_cold_after_days_since_creation_greater_than":-1,"tier_to_cold_after_days_since_last_access_time_greater_than":-1,"tier_to_cold_after_days_since_modification_greater_than":-1,"tier_to_cool_after_days_since_creation_greater_than":-1,"tier_to_cool_after_days_since_last_access_time_greater_than":-1,"tier_to_cool_after_days_since_modification_greater_than":-1}],"snapshot":[],"version":[]}],"enabled":true,"filters":[{"blob_types":["blockBlob"],"match_blob_index_tag":[],"prefix_match":["logs/"]}],"name":"delete-old-logs"}],"timeouts":null},"sensitive_values":{"rule":[{"actions":[{"base_blob":[{}],"snapshot":[],"version":[]}],"filters":[{"blob_types":[false],"match_blob_index_tag":[],"prefix_match":[false]}]},{"actions":[{"base_blob":[{}],"snapshot":[],"version":[]}],"filters":[{"blob_types":[false],"match_blob_index_tag":[],"prefix_match":[false]}]}]}}],"child_modules":[{"resources":[{"address":"module.networking.azurerm_network_security_group.this","mode":"managed","type":"azurerm_network_security_group","name":"this","provider_name":"registry.terraform.io/hashicorp/azurerm","schema_version":0,"values":{"location":"eastus","name":"vnet-interview-demo-nsg","resource_group_name":"rg-interview-demo-dev","tags":{"CostCenter":"Engineering","CreatedBy":"Srikanth","Environment":"dev","Owner":"DevOps Team","Project":"interview-demo"},"timeouts":null},"sensitive_values":{"security_rule":[],"tags":{}}},{"address":"module.networking.azurerm_network_security_rule.rules[\"allow_http\"]","mode":"managed","type":"azurerm_network_security_rule","name":"rules","index":"allow_http","provider_name":"registry.terraform.io/hashicorp/azurerm","schema_version":0,"values":{"access":"Allow","description":null,"destination_address_prefix":"*","destination_address_prefixes":null,"destination_application_security_group_ids":null,"destination_port_range":"80","destination_port_ranges":null,"direction":"Inbound","name":"allow_http","network_security_group_name":"vnet-interview-demo-nsg","priority":110,"protocol":"Tcp","resource_group_name":"rg-interview-demo-dev","source_address_prefix":"*","source_address_prefixes":null,"source_application_security_group_ids":null,"source_port_range":"*","source_port_ranges":null,"timeouts":null},"sensitive_values":{}},{"address":"module.networking.azurerm_network_security_rule.rules[\"allow_https\"]","mode":"managed","type":"azurerm_network_security_rule","name":"rules","index":"allow_https","provider_name":"registry.terraform.io/hashicorp/azurerm","schema_version":0,"values":{"access":"Allow","description":null,"destination_address_prefix":"*","destination_address_prefixes":null,"destination_application_security_group_ids":null,"destination_port_range":"443","destination_port_ranges":null,"direction":"Inbound","name":"allow_https","network_security_group_name":"vnet-interview-demo-nsg","priority":100,"protocol":"Tcp","resource_group_name":"rg-interview-demo-dev","source_address_prefix":"*","source_address_prefixes":null,"source_application_security_group_ids":null,"source_port_range":"*","source_port_ranges":null,"timeouts":null},"sensitive_values":{}},{"address":"module.networking.azurerm_network_security_rule.rules[\"allow_storage\"]","mode":"managed","type":"azurerm_network_security_rule","name":"rules","index":"allow_storage","provider_name":"registry.terraform.io/hashicorp/azurerm","schema_version":0,"values":{"access":"Allow","description":null,"destination_address_prefix":"Storage","destination_address_prefixes":null,"destination_application_security_group_ids":null,"destination_port_range":"443","destination_port_ranges":null,"direction":"Outbound","name":"allow_storage","network_security_group_name":"vnet-interview-demo-nsg","priority":120,"protocol":"Tcp","resource_group_name":"rg-interview-demo-dev","source_address_prefix":"VirtualNetwork","source_address_prefixes":null,"source_application_security_group_ids":null,"source_port_range":"*","source_port_ranges":null,"timeouts":null},"sensitive_values":{}},{"address":"module.networking.azurerm_resource_group.this","mode":"managed","type":"azurerm_resource_group","name":"this","provider_name":"registry.terraform.io/hashicorp/azurerm","schema_version":0,"values":{"location":"eastus","managed_by":null,"name":"rg-interview-demo-dev","tags":{"CostCenter":"Engineering","CreatedBy":"Srikanth","Environment":"dev","ManagedBy":"Terraform","Owner":"DevOps Team","Project":"interview-demo"},"timeouts":null},"sensitive_values":{"tags":{}}},{"address":"module.networking.azurerm_subnet.subnets[\"data\"]","mode":"managed","type":"azurerm_subnet","name":"subnets","index":"data","provider_name":"registry.terraform.io/hashicorp/azurerm","schema_version":0,"values":{"address_prefixes":["10.0.2.0/24"],"delegation":[],"name":"data","resource_group_name":"rg-interview-demo-dev","service_endpoint_policy_ids":null,"service_endpoints":["Microsoft.Sql","Microsoft.Storage"],"timeouts":null,"virtual_network_name":"vnet-interview-demo"},"sensitive_values":{"address_prefixes":[false],"delegation":[],"service_endpoints":[false,false]}},{"address":"module.networking.azurerm_subnet.subnets[\"mgmt\"]","mode":"managed","type":"azurerm_subnet","name":"subnets","index":"mgmt","provider_name":"registry.terraform.io/hashicorp/azurerm","schema_version":0,"values":{"address_prefixes":["10.0.3.0/24"],"delegation":[],"name":"mgmt","resource_group_name":"rg-interview-demo-dev","service_endpoint_policy_ids":null,"service_endpoints":null,"timeouts":null,"virtual_network_name":"vnet-interview-demo"},"sensitive_values":{"address_prefixes":[false],"delegation":[]}},{"address":"module.networking.azurerm_subnet.subnets[\"web\"]","mode":"managed","type":"azurerm_subnet","name":"subnets","index":"web","provider_name":"registry.terraform.io/hashicorp/azurerm","schema_version":0,"values":{"address_prefixes":["10.0.1.0/24"],"delegation":[],"name":"web","resource_group_name":"rg-interview-demo-dev","service_endpoint_policy_ids":null,"service_endpoints":["Microsoft.Storage"],"timeouts":null,"virtual_network_name":"vnet-interview-demo"},"sensitive_values":{"address_prefixes":[false],"delegation":[],"service_endpoints":[false]}},{"address":"module.networking.azurerm_virtual_network.this","mode":"managed","type":"azurerm_virtual_network","name":"this","provider_name":"registry.terraform.io/hashicorp/azurerm","schema_version":0,"values":{"address_space":["10.0.0.0/16"],"bgp_community":null,"ddos_protection_plan":[],"edge_zone":null,"encryption":[],"flow_timeout_in_minutes":null,"location":"eastus","name":"vnet-interview-demo","resource_group_name":"rg-interview-demo-dev","tags":{"Component":"Networking","CostCenter":"Engineering","CreatedBy":"Srikanth","Environment":"dev","Owner":"DevOps Team","Project":"interview-demo"},"timeouts":null},"sensitive_values":{"address_space":[false],"ddos_protection_plan":[],"dns_servers":[],"encryption":[],"subnet":[],"tags":{}}}],"address":"module.networking"}]}},"resource_changes":[{"address":"azurerm_storage_account.demo","mode":"managed","type":"azurerm_storage_account","name":"demo","provider_name":"registry.terraform.io/hashicorp/azurerm","change":{"actions":["create"],"before":null,"after":{"account_kind":"StorageV2","account_replication_type":"LRS","account_tier":"Standard","allow_nested_items_to_be_public":false,"allowed_copy_scope":null,"azure_files_authentication":[],"blob_properties":[{"change_feed_enabled":false,"change_feed_retention_in_days":null,"container_delete_retention_policy":[],"cors_rule":[],"delete_retention_policy":[],"last_access_time_enabled":false,"restore_policy":[],"versioning_enabled":false}],"cross_tenant_replication_enabled":true,"custom_domain":[],"customer_managed_key":[],"default_to_oauth_authentication":false,"edge_zone":null,"enable_https_traffic_only":true,"identity":[],"immutability_policy":[],"infrastructure_encryption_enabled":false,"is_hns_enabled":false,"location":"eastus","min_tls_version":"TLS1_2","name":"stinterviewdemodev","nfsv3_enabled":false,"public_network_access_enabled":true,"queue_encryption_key_type":"Service","resource_group_name":"rg-interview-demo-dev","sas_policy":[],"sftp_enabled":false,"shared_access_key_enabled":true,"static_website":[],"table_encryption_key_type":"Service","tags":{"CostCenter":"Engineering","CreatedBy":"Srikanth","Environment":"dev","Owner":"DevOps Team","Project":"interview-demo"},"timeouts":null},"after_unknown":{"access_tier":true,"azure_files_authentication":[],"blob_properties":[{"container_delete_retention_policy":[],"cors_rule":[],"default_service_version":true,"delete_retention_policy":[],"restore_policy":[]}],"custom_domain":[],"customer_managed_key":[],"id":true,"identity":[],"immutability_policy":[],"large_file_share_enabled":true,"network_rules":true,"primary_access_key":true,"primary_blob_connection_string":true,"primary_blob_endpoint":true,"primary_blob_host":true,"primary_blob_internet_endpoint":true,"primary_blob_internet_host":true,"primary_blob_microsoft_endpoint":true,"primary_blob_microsoft_host":true,"primary_connection_string":true,"primary_dfs_endpoint":true,"primary_dfs_host":true,"primary_dfs_internet_endpoint":true,"primary_dfs_internet_host":true,"primary_dfs_microsoft_endpoint":true,"primary_dfs_microsoft_host":true,"primary_file_endpoint":true,"primary_file_host":true,"primary_file_internet_endpoint":true,"primary_file_internet_host":true,"primary_file_microsoft_endpoint":true,"primary_file_microsoft_host":true,"primary_location":true,"primary_queue_endpoint":true,"primary_queue_host":true,"primary_queue_microsoft_endpoint":true,"primary_queue_microsoft_host":true,"primary_table_endpoint":true,"primary_table_host":true,"primary_table_microsoft_endpoint":true,"primary_table_microsoft_host":true,"primary_web_endpoint":true,"primary_web_host":true,"primary_web_internet_endpoint":true,"primary_web_internet_host":true,"primary_web_microsoft_endpoint":true,"primary_web_microsoft_host":true,"queue_properties":true,"routing":true,"sas_policy":[],"secondary_access_key":true,"secondary_blob_connection_string":true,"secondary_blob_endpoint":true,"secondary_blob_host":true,"secondary_blob_internet_endpoint":true,"secondary_blob_internet_host":true,"secondary_blob_microsoft_endpoint":true,"secondary_blob_microsoft_host":true,"secondary_connection_string":true,"secondary_dfs_endpoint":true,"secondary_dfs_host":true,"secondary_dfs_internet_endpoint":true,"secondary_dfs_internet_host":true,"secondary_dfs_microsoft_endpoint":true,"secondary_dfs_microsoft_host":true,"secondary_file_endpoint":true,"secondary_file_host":true,"secondary_file_internet_endpoint":true,"secondary_file_internet_host":true,"secondary_file_microsoft_endpoint":true,"secondary_file_microsoft_host":true,"secondary_location":true,"secondary_queue_endpoint":true,"secondary_queue_host":true,"secondary_queue_microsoft_endpoint":true,"secondary_queue_microsoft_host":true,"secondary_table_endpoint":true,"secondary_table_host":true,"secondary_table_microsoft_endpoint":true,"secondary_table_microsoft_host":true,"secondary_web_endpoint":true,"secondary_web_host":true,"secondary_web_internet_endpoint":true,"secondary_web_internet_host":true,"secondary_web_microsoft_endpoint":true,"secondary_web_microsoft_host":true,"share_properties":true,"static_website":[],"tags":{}},"before_sensitive":false,"after_sensitive":{"azure_files_authentication":[],"blob_properties":[{"container_delete_retention_policy":[],"cors_rule":[],"delete_retention_policy":[],"restore_policy":[]}],"custom_domain":[],"customer_managed_key":[],"identity":[],"immutability_policy":[],"network_rules":[],"primary_access_key":true,"primary_blob_connection_string":true,"primary_connection_string":true,"queue_properties":[],"routing":[],"sas_policy":[],"secondary_access_key":true,"secondary_blob_connection_string":true,"secondary_connection_string":true,"share_properties":[],"static_website":[],"tags":{}}}},{"address":"azurerm_storage_container.containers[\"backups\"]","mode":"managed","type":"azurerm_storage_container","name":"containers","index":"backups","provider_name":"registry.terraform.io/hashicorp/azurerm","change":{"actions":["create"],"before":null,"after":{"container_access_type":"private","name":"backups","storage_account_name":"stinterviewdemodev","timeouts":null},"after_unknown":{"has_immutability_policy":true,"has_legal_hold":true,"id":true,"metadata":true,"resource_manager_id":true},"before_sensitive":false,"after_sensitive":{"metadata":{}}}},{"address":"azurerm_storage_container.containers[\"documents\"]","mode":"managed","type":"azurerm_storage_container","name":"containers","index":"documents","provider_name":"registry.terraform.io/hashicorp/azurerm","change":{"actions":["create"],"before":null,"after":{"container_access_type":"private","name":"documents","storage_account_name":"stinterviewdemodev","timeouts":null},"after_unknown":{"has_immutability_policy":true,"has_legal_hold":true,"id":true,"metadata":true,"resource_manager_id":true},"before_sensitive":false,"after_sensitive":{"metadata":{}}}},{"address":"azurerm_storage_container.containers[\"images\"]","mode":"managed","type":"azurerm_storage_container","name":"containers","index":"images","provider_name":"registry.terraform.io/hashicorp/azurerm","change":{"actions":["create"],"before":null,"after":{"container_access_type":"private","name":"images","storage_account_name":"stinterviewdemodev","timeouts":null},"after_unknown":{"has_immutability_policy":true,"has_legal_hold":true,"id":true,"metadata":true,"resource_manager_id":true},"before_sensitive":false,"after_sensitive":{"metadata":{}}}},{"address":"azurerm_storage_container.containers[\"logs\"]","mode":"managed","type":"azurerm_storage_container","name":"containers","index":"logs","provider_name":"registry.terraform.io/hashicorp/azurerm","change":{"actions":["create"],"before":null,"after":{"container_access_type":"private","name":"logs","storage_account_name":"stinterviewdemodev","timeouts":null},"after_unknown":{"has_immutability_policy":true,"has_legal_hold":true,"id":true,"metadata":true,"resource_manager_id":true},"before_sensitive":false,"after_sensitive":{"metadata":{}}}},{"address":"azurerm_storage_container.containers[\"uploads\"]","mode":"managed","type":"azurerm_storage_container","name":"containers","index":"uploads","provider_name":"registry.terraform.io/hashicorp/azurerm","change":{"actions":["create"],"before":null,"after":{"container_access_type":"private","name":"uploads","storage_account_name":"stinterviewdemodev","timeouts":null},"after_unknown":{"has_immutability_policy":true,"has_legal_hold":true,"id":true,"metadata":true,"resource_manager_id":true},"before_sensitive":false,"after_sensitive":{"metadata":{}}}},{"address":"azurerm_storage_management_policy.lifecycle","mode":"managed","type":"azurerm_storage_management_policy","name":"lifecycle","provider_name":"registry.terraform.io/hashicorp/azurerm","change":{"actions":["create"],"before":null,"after":{"rule":[{"actions":[{"base_blob":[{"auto_tier_to_hot_from_cool_enabled":null,"delete_after_days_since_creation_greater_than":-1,"delete_after_days_since_last_access_time_greater_than":-1,"delete_after_days_since_modification_greater_than":365,"tier_to_archive_after_days_since_creation_greater_than":-1,"tier_to_archive_after_days_since_last_access_time_greater_than":-1,"tier_to_archive_after_days_since_last_tier_change_greater_than":-1,"tier_to_archive_after_days_since_modification_greater_than":90,"tier_to_cold_after_days_since_creation_greater_than":-1,"tier_to_cold_after_days_since_last_access_time_greater_than":-1,"tier_to_cold_after_days_since_modification_greater_than":-1,"tier_to_cool_after_days_since_creation_greater_than":-1,"tier_to_cool_after_days_since_last_access_time_greater_than":-1,"tier_to_cool_after_days_since_modification_greater_than":30}],"snapshot":[],"version":[]}],"enabled":true,"filters":[{"blob_types":["blockBlob"],"match_blob_index_tag":[],"prefix_match":["uploads/"]}],"name":"delete-old-uploads"},{"actions":[{"base_blob":[{"auto_tier_to_hot_from_cool_enabled":null,"delete_after_days_since_creation_greater_than":-1,"delete_after_days_since_last_access_time_greater_than":-1,"delete_after_days_since_modification_greater_than":90,"tier_to_archive_after_days_since_creation_greater_than":-1,"tier_to_archive_after_days_since_last_access_time_greater_than":-1,"tier_to_archive_after_days_since_last_tier_change_greater_than":-1,"tier_to_archive_after_days_since_modification_greater_than":-1,"tier_to_cold_after_days_since_creation_greater_than":-1,"tier_to_cold_after_days_since_last_access_time_greater_than":-1,"tier_to_cold_after_days_since_modification_greater_than":-1,"tier_to_cool_after_days_since_creation_greater_than":-1,"tier_to_cool_after_days_since_last_access_time_greater_than":-1,"tier_to_cool_after_days_since_modification_greater_than":-1}],"snapshot":[],"version":[]}],"enabled":true,"filters":[{"blob_types":["blockBlob"],"match_blob_index_tag":[],"prefix_match":["logs/"]}],"name":"delete-old-logs"}],"timeouts":null},"after_unknown":{"id":true,"rule":[{"actions":[{"base_blob":[{}],"snapshot":[],"version":[]}],"filters":[{"blob_types":[false],"match_blob_index_tag":[],"prefix_match":[false]}]},{"actions":[{"base_blob":[{}],"snapshot":[],"version":[]}],"filters":[{"blob_types":[false],"match_blob_index_tag":[],"prefix_match":[false]}]}],"storage_account_id":true},"before_sensitive":false,"after_sensitive":{"rule":[{"actions":[{"base_blob":[{}],"snapshot":[],"version":[]}],"filters":[{"blob_types":[false],"match_blob_index_tag":[],"prefix_match":[false]}]},{"actions":[{"base_blob":[{}],"snapshot":[],"version":[]}],"filters":[{"blob_types":[false],"match_blob_index_tag":[],"prefix_match":[false]}]}]}}},{"address":"module.networking.azurerm_network_security_group.this","module_address":"module.networking","mode":"managed","type":"azurerm_network_security_group","name":"this","provider_name":"registry.terraform.io/hashicorp/azurerm","change":{"actions":["create"],"before":null,"after":{"location":"eastus","name":"vnet-interview-demo-nsg","resource_group_name":"rg-interview-demo-dev","tags":{"CostCenter":"Engineering","CreatedBy":"Srikanth","Environment":"dev","Owner":"DevOps Team","Project":"interview-demo"},"timeouts":null},"after_unknown":{"id":true,"security_rule":true,"tags":{}},"before_sensitive":false,"after_sensitive":{"security_rule":[],"tags":{}}}},{"address":"module.networking.azurerm_network_security_rule.rules[\"allow_http\"]","module_address":"module.networking","mode":"managed","type":"azurerm_network_security_rule","name":"rules","index":"allow_http","provider_name":"registry.terraform.io/hashicorp/azurerm","change":{"actions":["create"],"before":null,"after":{"access":"Allow","description":null,"destination_address_prefix":"*","destination_address_prefixes":null,"destination_application_security_group_ids":null,"destination_port_range":"80","destination_port_ranges":null,"direction":"Inbound","name":"allow_http","network_security_group_name":"vnet-interview-demo-nsg","priority":110,"protocol":"Tcp","resource_group_name":"rg-interview-demo-dev","source_address_prefix":"*","source_address_prefixes":null,"source_application_security_group_ids":null,"source_port_range":"*","source_port_ranges":null,"timeouts":null},"after_unknown":{"id":true},"before_sensitive":false,"after_sensitive":{}}},{"address":"module.networking.azurerm_network_security_rule.rules[\"allow_https\"]","module_address":"module.networking","mode":"managed","type":"azurerm_network_security_rule","name":"rules","index":"allow_https","provider_name":"registry.terraform.io/hashicorp/azurerm","change":{"actions":["create"],"before":null,"after":{"access":"Allow","description":null,"destination_address_prefix":"*","destination_address_prefixes":null,"destination_application_security_group_ids":null,"destination_port_range":"443","destination_port_ranges":null,"direction":"Inbound","name":"allow_https","network_security_group_name":"vnet-interview-demo-nsg","priority":100,"protocol":"Tcp","resource_group_name":"rg-interview-demo-dev","source_address_prefix":"*","source_address_prefixes":null,"source_application_security_group_ids":null,"source_port_range":"*","source_port_ranges":null,"timeouts":null},"after_unknown":{"id":true},"before_sensitive":false,"after_sensitive":{}}},{"address":"module.networking.azurerm_network_security_rule.rules[\"allow_storage\"]","module_address":"module.networking","mode":"managed","type":"azurerm_network_security_rule","name":"rules","index":"allow_storage","provider_name":"registry.terraform.io/hashicorp/azurerm","change":{"actions":["create"],"before":null,"after":{"access":"Allow","description":null,"destination_address_prefix":"Storage","destination_address_prefixes":null,"destination_application_security_group_ids":null,"destination_port_range":"443","destination_port_ranges":null,"direction":"Outbound","name":"allow_storage","network_security_group_name":"vnet-interview-demo-nsg","priority":120,"protocol":"Tcp","resource_group_name":"rg-interview-demo-dev","source_address_prefix":"VirtualNetwork","source_address_prefixes":null,"source_application_security_group_ids":null,"source_port_range":"*","source_port_ranges":null,"timeouts":null},"after_unknown":{"id":true},"before_sensitive":false,"after_sensitive":{}}},{"address":"module.networking.azurerm_resource_group.this","module_address":"module.networking","mode":"managed","type":"azurerm_resource_group","name":"this","provider_name":"registry.terraform.io/hashicorp/azurerm","change":{"actions":["create"],"before":null,"after":{"location":"eastus","managed_by":null,"name":"rg-interview-demo-dev","tags":{"CostCenter":"Engineering","CreatedBy":"Srikanth","Environment":"dev","ManagedBy":"Terraform","Owner":"DevOps Team","Project":"interview-demo"},"timeouts":null},"after_unknown":{"id":true,"tags":{}},"before_sensitive":false,"after_sensitive":{"tags":{}}}},{"address":"module.networking.azurerm_subnet.subnets[\"data\"]","module_address":"module.networking","mode":"managed","type":"azurerm_subnet","name":"subnets","index":"data","provider_name":"registry.terraform.io/hashicorp/azurerm","change":{"actions":["create"],"before":null,"after":{"address_prefixes":["10.0.2.0/24"],"delegation":[],"name":"data","resource_group_name":"rg-interview-demo-dev","service_endpoint_policy_ids":null,"service_endpoints":["Microsoft.Sql","Microsoft.Storage"],"timeouts":null,"virtual_network_name":"vnet-interview-demo"},"after_unknown":{"address_prefixes":[false],"delegation":[],"enforce_private_link_endpoint_network_policies":true,"enforce_private_link_service_network_policies":true,"id":true,"private_endpoint_network_policies_enabled":true,"private_link_service_network_policies_enabled":true,"service_endpoints":[false,false]},"before_sensitive":false,"after_sensitive":{"address_prefixes":[false],"delegation":[],"service_endpoints":[false,false]}}},{"address":"module.networking.azurerm_subnet.subnets[\"mgmt\"]","module_address":"module.networking","mode":"managed","type":"azurerm_subnet","name":"subnets","index":"mgmt","provider_name":"registry.terraform.io/hashicorp/azurerm","change":{"actions":["create"],"before":null,"after":{"address_prefixes":["10.0.3.0/24"],"delegation":[],"name":"mgmt","resource_group_name":"rg-interview-demo-dev","service_endpoint_policy_ids":null,"service_endpoints":null,"timeouts":null,"virtual_network_name":"vnet-interview-demo"},"after_unknown":{"address_prefixes":[false],"delegation":[],"enforce_private_link_endpoint_network_policies":true,"enforce_private_link_service_network_policies":true,"id":true,"private_endpoint_network_policies_enabled":true,"private_link_service_network_policies_enabled":true},"before_sensitive":false,"after_sensitive":{"address_prefixes":[false],"delegation":[]}}},{"address":"module.networking.azurerm_subnet.subnets[\"web\"]","module_address":"module.networking","mode":"managed","type":"azurerm_subnet","name":"subnets","index":"web","provider_name":"registry.terraform.io/hashicorp/azurerm","change":{"actions":["create"],"before":null,"after":{"address_prefixes":["10.0.1.0/24"],"delegation":[],"name":"web","resource_group_name":"rg-interview-demo-dev","service_endpoint_policy_ids":null,"service_endpoints":["Microsoft.Storage"],"timeouts":null,"virtual_network_name":"vnet-interview-demo"},"after_unknown":{"address_prefixes":[false],"delegation":[],"enforce_private_link_endpoint_network_policies":true,"enforce_private_link_service_network_policies":true,"id":true,"private_endpoint_network_policies_enabled":true,"private_link_service_network_policies_enabled":true,"service_endpoints":[false]},"before_sensitive":false,"after_sensitive":{"address_prefixes":[false],"delegation":[],"service_endpoints":[false]}}},{"address":"module.networking.azurerm_virtual_network.this","module_address":"module.networking","mode":"managed","type":"azurerm_virtual_network","name":"this","provider_name":"registry.terraform.io/hashicorp/azurerm","change":{"actions":["create"],"before":null,"after":{"address_space":["10.0.0.0/16"],"bgp_community":null,"ddos_protection_plan":[],"edge_zone":null,"encryption":[],"flow_timeout_in_minutes":null,"location":"eastus","name":"vnet-interview-demo","resource_group_name":"rg-interview-demo-dev","tags":{"Component":"Networking","CostCenter":"Engineering","CreatedBy":"Srikanth","Environment":"dev","Owner":"DevOps Team","Project":"interview-demo"},"timeouts":null},"after_unknown":{"address_space":[false],"ddos_protection_plan":[],"dns_servers":true,"encryption":[],"guid":true,"id":true,"subnet":true,"tags":{}},"before_sensitive":false,"after_sensitive":{"address_space":[false],"ddos_protection_plan":[],"dns_servers":[],"encryption":[],"subnet":[],"tags":{}}}}],"output_changes":{"container_urls":{"actions":["create"],"before":null,"after":{"backups":"https://stinterviewdemodev.blob.core.windows.net/backups","documents":"https://stinterviewdemodev.blob.core.windows.net/documents","images":"https://stinterviewdemodev.blob.core.windows.net/images","logs":"https://stinterviewdemodev.blob.core.windows.net/logs","uploads":"https://stinterviewdemodev.blob.core.windows.net/uploads"},"after_unknown":false,"before_sensitive":false,"after_sensitive":false},"deployment_summary":{"actions":["create"],"before":null,"after":{"containers":5,"location":"eastus","resource_group":"rg-interview-demo-dev","storage":"stinterviewdemodev","subnets":3,"vnet":"vnet-interview-demo"},"after_unknown":false,"before_sensitive":false,"after_sensitive":false},"nsg_id":{"actions":["create"],"before":null,"after_unknown":true,"before_sensitive":false,"after_sensitive":false},"primary_blob_endpoint":{"actions":["create"],"before":null,"after_unknown":true,"before_sensitive":false,"after_sensitive":false},"resource_group_name":{"actions":["create"],"before":null,"after":"rg-interview-demo-dev","after_unknown":false,"before_sensitive":false,"after_sensitive":false},"storage_account_id":{"actions":["create"],"before":null,"after_unknown":true,"before_sensitive":false,"after_sensitive":false},"storage_account_name":{"actions":["create"],"before":null,"after":"stinterviewdemodev","after_unknown":false,"before_sensitive":false,"after_sensitive":false},"storage_containers":{"actions":["create"],"before":null,"after":["backups","documents","images","logs","uploads"],"after_unknown":false,"before_sensitive":false,"after_sensitive":false},"subnet_ids":{"actions":["create"],"before":null,"after":{},"after_unknown":{"data":true,"mgmt":true,"web":true},"before_sensitive":false,"after_sensitive":false},"vnet_id":{"actions":["create"],"before":null,"after_unknown":true,"before_sensitive":false,"after_sensitive":false},"vnet_name":{"actions":["create"],"before":null,"after":"vnet-interview-demo","after_unknown":false,"before_sensitive":false,"after_sensitive":false}},"prior_state":{"format_version":"1.0","terraform_version":"1.14.4","values":{"outputs":{"container_urls":{"sensitive":false,"value":{"backups":"https://stinterviewdemodev.blob.core.windows.net/backups","documents":"https://stinterviewdemodev.blob.core.windows.net/documents","images":"https://stinterviewdemodev.blob.core.windows.net/images","logs":"https://stinterviewdemodev.blob.core.windows.net/logs","uploads":"https://stinterviewdemodev.blob.core.windows.net/uploads"},"type":["object",{"backups":"string","documents":"string","images":"string","logs":"string","uploads":"string"}]},"deployment_summary":{"sensitive":false,"value":{"containers":5,"location":"eastus","resource_group":"rg-interview-demo-dev","storage":"stinterviewdemodev","subnets":3,"vnet":"vnet-interview-demo"},"type":["object",{"containers":"number","location":"string","resource_group":"string","storage":"string","subnets":"number","vnet":"string"}]},"resource_group_name":{"sensitive":false,"value":"rg-interview-demo-dev","type":"string"},"storage_account_name":{"sensitive":false,"value":"stinterviewdemodev","type":"string"},"storage_containers":{"sensitive":false,"value":["backups","documents","images","logs","uploads"],"type":["tuple",["string","string","string","string","string"]]},"vnet_name":{"sensitive":false,"value":"vnet-interview-demo","type":"string"}},"root_module":{}}},"configuration":{"provider_config":{"azapi":{"name":"azapi","full_name":"registry.terraform.io/azure/azapi","version_constraint":"~\u003e 1.12.0"},"azuread":{"name":"azuread","full_name":"registry.terraform.io/hashicorp/azuread","version_constraint":"~\u003e 2.47.0"},"azurerm":{"name":"azurerm","full_name":"registry.terraform.io/hashicorp/azurerm","version_constraint":"~\u003e 3.85.0","expressions":{"features":[{"key_vault":[{"purge_soft_delete_on_destroy":{"constant_value":false},"recover_soft_deleted_key_vaults":{"constant_value":true}}],"resource_group":[{"prevent_deletion_if_contains_resources":{"constant_value":true}}],"virtual_machine":[{"delete_os_disk_on_deletion":{"constant_value":true},"skip_shutdown_and_force_delete":{"constant_value":false}}]}],"skip_provider_registration":{"constant_value":true}}}},"root_module":{"outputs":{"container_urls":{"expression":{"references":["local.container_urls"]},"description":"Map of container URLs"},"deployment_summary":{"expression":{"references":["module.networking.resource_group_name","module.networking","module.networking.location","module.networking","module.networking.vnet_name","module.networking","module.networking.subnet_ids","module.networking","azurerm_storage_account.demo.name","azurerm_storage_account.demo","azurerm_storage_container.containers"]},"description":"Deployment summary"},"nsg_id":{"expression":{"references":["module.networking.nsg_id","module.networking"]},"description":"Network Security Group ID"},"primary_blob_endpoint":{"expression":{"references":["azurerm_storage_account.demo.primary_blob_endpoint","azurerm_storage_account.demo"]},"description":"Primary blob storage endpoint"},"resource_group_name":{"expression":{"references":["module.networking.resource_group_name","module.networking"]},"description":"Resource group name"},"storage_account_id":{"expression":{"references":["azurerm_storage_account.demo.id","azurerm_storage_account.demo"]},"description":"Storage account ID"},"storage_account_name":{"expression":{"references":["azurerm_storage_account.demo.name","azurerm_storage_account.demo"]},"description":"Storage account name"},"storage_containers":{"expression":{"references":["azurerm_storage_container.containers"]},"description":"List of container names"},"subnet_ids":{"expression":{"references":["module.networking.subnet_ids","module.networking"]},"description":"Map of all subnet IDs"},"vnet_id":{"expression":{"references":["module.networking.vnet_id","module.networking"]},"description":"Virtual Network ID"},"vnet_name":{"expression":{"references":["module.networking.vnet_name","module.networking"]},"description":"Virtual Network name"}},"resources":[{"address":"azurerm_storage_account.demo","mode":"managed","type":"azurerm_storage_account","name":"demo","provider_config_key":"azurerm","expressions":{"account_replication_type":{"references":["var.environment"]},"account_tier":{"constant_value":"Standard"},"allow_nested_items_to_be_public":{"constant_value":false},"blob_properties":[{"versioning_enabled":{"references":["var.environment"]}}],"enable_https_traffic_only":{"constant_value":true},"location":{"references":["module.networking.location","module.networking"]},"min_tls_version":{"constant_value":"TLS1_2"},"name":{"references":["var.project_name","var.environment"]},"resource_group_name":{"references":["module.networking.resource_group_name","module.networking"]},"tags":{"references":["local.common_tags"]}},"schema_version":4},{"address":"azurerm_storage_container.containers","mode":"managed","type":"azurerm_storage_container","name":"containers","provider_config_key":"azurerm","expressions":{"container_access_type":{"constant_value":"private"},"name":{"references":["each.value"]},"storage_account_name":{"references":["azurerm_storage_account.demo.name","azurerm_storage_account.demo"]}},"schema_version":1},{"address":"azurerm_storage_management_policy.lifecycle","mode":"managed","type":"azurerm_storage_management_policy","name":"lifecycle","provider_config_key":"azurerm","expressions":{"rule":[{"actions":[{"base_blob":[{"delete_after_days_since_modification_greater_than":{"constant_value":365},"tier_to_archive_after_days_since_modification_greater_than":{"constant_value":90},"tier_to_cool_after_days_since_modification_greater_than":{"constant_value":30}}]}],"enabled":{"constant_value":true},"filters":[{"blob_types":{"constant_value":["blockBlob"]},"prefix_match":{"constant_value":["uploads/"]}}],"name":{"constant_value":"delete-old-uploads"}},{"actions":[{"base_blob":[{"delete_after_days_since_modification_greater_than":{"constant_value":90}}]}],"enabled":{"constant_value":true},"filters":[{"blob_types":{"constant_value":["blockBlob"]},"prefix_match":{"constant_value":["logs/"]}}],"name":{"constant_value":"delete-old-logs"}}],"storage_account_id":{"references":["azurerm_storage_account.demo.id","azurerm_storage_account.demo"]}},"schema_version":0}],"module_calls":{"networking":{"source":"../../modules/azure-networking","expressions":{"environment":{"references":["var.environment"]},"location":{"references":["var.location"]},"nsg_rules":{"constant_value":{"allow_http":{"access":"Allow","destination_address_prefix":"*","destination_port_range":"80","direction":"Inbound","priority":110,"protocol":"Tcp","source_address_prefix":"*","source_port_range":"*"},"allow_https":{"access":"Allow","destination_address_prefix":"*","destination_port_range":"443","direction":"Inbound","priority":100,"protocol":"Tcp","source_address_prefix":"*","source_port_range":"*"},"allow_storage":{"access":"Allow","destination_address_prefix":"Storage","destination_port_range":"443","direction":"Outbound","priority":120,"protocol":"Tcp","source_address_prefix":"VirtualNetwork","source_port_range":"*"}}},"resource_group_name":{"references":["var.project_name","var.environment"]},"subnets":{"constant_value":{"data":{"address_prefixes":["10.0.2.0/24"],"delegation":null,"service_endpoints":["Microsoft.Storage","Microsoft.Sql"]},"mgmt":{"address_prefixes":["10.0.3.0/24"],"delegation":null,"service_endpoints":[]},"web":{"address_prefixes":["10.0.1.0/24"],"delegation":null,"service_endpoints":["Microsoft.Storage"]}}},"tags":{"references":["local.common_tags"]},"vnet_address_space":{"constant_value":["10.0.0.0/16"]},"vnet_name":{"references":["var.project_name"]}},"module":{"outputs":{"location":{"expression":{"references":["azurerm_resource_group.this.location","azurerm_resource_group.this"]},"description":"Azure region where resources are deployed"},"nsg_id":{"expression":{"references":["azurerm_network_security_group.this.id","azurerm_network_security_group.this"]},"description":"Network Security Group ID"},"resource_group_id":{"expression":{"references":["azurerm_resource_group.this.id","azurerm_resource_group.this"]},"description":"ID of the created resource group"},"resource_group_name":{"expression":{"references":["azurerm_resource_group.this.name","azurerm_resource_group.this"]},"description":"Name of the created resource group"},"subnet_ids":{"expression":{"references":["local.subnet_ids"]},"description":"Map of subnet names to their IDs"},"vnet_id":{"expression":{"references":["azurerm_virtual_network.this.id","azurerm_virtual_network.this"]},"description":"Virtual Network ID"},"vnet_name":{"expression":{"references":["azurerm_virtual_network.this.name","azurerm_virtual_network.this"]},"description":"Virtual Network name"}},"resources":[{"address":"azurerm_network_security_group.this","mode":"managed","type":"azurerm_network_security_group","name":"this","provider_config_key":"azurerm","expressions":{"location":{"references":["azurerm_resource_group.this.location","azurerm_resource_group.this"]},"name":{"references":["var.vnet_name"]},"resource_group_name":{"references":["azurerm_resource_group.this.name","azurerm_resource_group.this"]},"tags":{"references":["var.tags"]}},"schema_version":0},{"address":"azurerm_network_security_rule.rules","mode":"managed","type":"azurerm_network_security_rule","name":"rules","provider_config_key":"azurerm","expressions":{"access":{"references":["each.value.access","each.value"]},"destination_address_prefix":{"references":["each.value.destination_address_prefix","each.value"]},"destination_port_range":{"references":["each.value.destination_port_range","each.value"]},"direction":{"references":["each.value.direction","each.value"]},"name":{"references":["each.key"]},"network_security_group_name":{"references":["azurerm_network_security_group.this.name","azurerm_network_security_group.this"]},"priority":{"references":["each.value.priority","each.value"]},"protocol":{"references":["each.value.protocol","each.value"]},"resource_group_name":{"references":["azurerm_resource_group.this.name","azurerm_resource_group.this"]},"source_address_prefix":{"references":["each.value.source_address_prefix","each.value"]},"source_port_range":{"references":["each.value.source_port_range","each.value"]}},"schema_version":0,"for_each_expression":{"references":["var.nsg_rules"]}},{"address":"azurerm_resource_group.this","mode":"managed","type":"azurerm_resource_group","name":"this","provider_config_key":"azurerm","expressions":{"location":{"references":["var.location"]},"name":{"references":["var.resource_group_name"]},"tags":{"references":["var.tags"]}},"schema_version":0},{"address":"azurerm_subnet.subnets","mode":"managed","type":"azurerm_subnet","name":"subnets","provider_config_key":"azurerm","expressions":{"address_prefixes":{"references":["each.value.address_prefixes","each.value"]},"name":{"references":["each.key"]},"resource_group_name":{"references":["azurerm_resource_group.this.name","azurerm_resource_group.this"]},"service_endpoints":{"references":["each.value.service_endpoints","each.value"]},"virtual_network_name":{"references":["azurerm_virtual_network.this.name","azurerm_virtual_network.this"]}},"schema_version":0,"for_each_expression":{"references":["var.subnets"]}},{"address":"azurerm_virtual_network.this","mode":"managed","type":"azurerm_virtual_network","name":"this","provider_config_key":"azurerm","expressions":{"address_space":{"references":["var.vnet_address_space"]},"location":{"references":["azurerm_resource_group.this.location","azurerm_resource_group.this"]},"name":{"references":["var.vnet_name"]},"resource_group_name":{"references":["azurerm_resource_group.this.name","azurerm_resource_group.this"]},"tags":{"references":["var.tags","var.environment"]}},"schema_version":0}],"variables":{"environment":{"description":"Environment name (dev, staging, prod)"},"location":{"default":"eastus","description":"Azure region"},"nsg_rules":{"default":{"allow_https":{"access":"Allow","destination_address_prefix":"*","destination_port_range":"443","direction":"Inbound","priority":100,"protocol":"Tcp","source_address_prefix":"*","source_port_range":"*"},"allow_ssh":{"access":"Allow","destination_address_prefix":"*","destination_port_range":"22","direction":"Inbound","priority":110,"protocol":"Tcp","source_address_prefix":"10.0.0.0/8","source_port_range":"*"}},"description":"Network security rules to apply"},"resource_group_name":{"description":"Name of the resource group"},"subnets":{"default":{"aks":{"address_prefixes":["10.0.1.0/24"],"delegation":null,"service_endpoints":["Microsoft.Storage","Microsoft.Sql"]},"appgw":{"address_prefixes":["10.0.2.0/24"],"delegation":null,"service_endpoints":[]}},"description":"Map of subnets to create"},"tags":{"default":{},"description":"Tags to apply to all resources"},"vnet_address_space":{"default":["10.0.0.0/16"],"description":"Address space for VNet"},"vnet_name":{"description":"Virtual Network name"}}}}},"variables":{"environment":{"default":"dev","description":"Environment (dev/staging/prod)"},"location":{"default":"eastus","description":"Azure region"},"project_name":{"default":"interview-demo","description":"Project name for resource naming"}}}},"relevant_attributes":[{"resource":"azurerm_storage_account.demo","attribute":["id"]},{"resource":"azurerm_storage_account.demo","attribute":["name"]},{"resource":"module.networking.azurerm_network_security_group.this","attribute":["name"]},{"resource":"azurerm_storage_account.demo","attribute":["primary_blob_endpoint"]},{"resource":"module.networking.azurerm_resource_group.this","attribute":["id"]},{"resource":"module.networking.azurerm_resource_group.this","attribute":["location"]},{"resource":"module.networking.azurerm_subnet.subnets","attribute":[]},{"resource":"module.networking.azurerm_resource_group.this","attribute":["name"]},{"resource":"module.networking.azurerm_network_security_group.this","attribute":["id"]},{"resource":"module.networking.azurerm_virtual_network.this","attribute":["name"]},{"resource":"azurerm_storage_container.containers","attribute":[]},{"resource":"module.networking.azurerm_virtual_network.this","attribute":["id"]}],"checks":[{"address":{"kind":"var","module":"module.networking","name":"environment","to_display":"module.networking.var.environment"},"status":"pass","instances":[{"address":{"module":"module.networking","to_display":"module.networking.var.environment"},"status":"pass"}]},{"address":{"kind":"var","module":"module.networking","name":"vnet_name","to_display":"module.networking.var.vnet_name"},"status":"pass","instances":[{"address":{"module":"module.networking","to_display":"module.networking.var.vnet_name"},"status":"pass"}]}],"timestamp":"2026-02-07T07:39:08Z","applyable":true,"complete":true,"errored":false}
